{
  "name": "app-vue",
  "version": "0.0.0",
  "lockfileVersion": 2,
  "requires": true,
  "packages": {
    "": {
      "name": "app-vue",
      "version": "0.0.0",
      "dependencies": {
        "vue": "^3.2.47",
        "vue-library": "*"
      },
      "devDependencies": {
        "@rushstack/eslint-patch": "^1.2.0",
        "@types/jsdom": "^21.1.0",
        "@types/node": "^18.14.2",
        "@vitejs/plugin-vue": "^4.0.0",
        "@vue/eslint-config-prettier": "^7.1.0",
        "@vue/eslint-config-typescript": "^11.0.2",
        "@vue/test-utils": "^2.3.0",
        "@vue/tsconfig": "^0.1.3",
        "eslint": "^8.34.0",
        "jsdom": "^21.1.0",
        "npm-run-all": "^4.1.5",
        "prettier": "^2.8.4",
        "typescript": "~4.8.4",
        "vite": "^4.1.4",
        "vitest": "^0.29.1",
        "vue-tsc": "^1.2.0"
      }
    },
    "../../node_modules/.pnpm/@rushstack+eslint-patch@1.2.0/node_modules/@rushstack/eslint-patch": {
      "version": "1.2.0",
      "dev": true,
      "license": "MIT",
      "devDependencies": {
        "@rushstack/heft": "0.47.0",
        "@rushstack/heft-node-rig": "1.10.0",
        "@types/node": "12.20.24"
      }
    },
    "../../node_modules/.pnpm/@types+jsdom@21.1.1/node_modules/@types/jsdom": {
      "version": "21.1.1",
      "dev": true,
      "license": "MIT",
      "dependencies": {
        "@types/node": "*",
        "@types/tough-cookie": "*",
        "parse5": "^7.0.0"
      }
    },
    "../../node_modules/.pnpm/@types+node@18.15.11/node_modules/@types/node": {
      "version": "18.15.11",
      "dev": true,
      "license": "MIT"
    },
    "../../node_modules/.pnpm/@vitejs+plugin-vue@4.1.0_vite@4.2.1+vue@3.2.47/node_modules/@vitejs/plugin-vue": {
      "version": "4.1.0",
      "dev": true,
      "license": "MIT",
      "devDependencies": {
        "@jridgewell/gen-mapping": "^0.3.2",
        "@jridgewell/trace-mapping": "^0.3.17",
        "debug": "^4.3.4",
        "rollup": "^3.17.2",
        "slash": "^5.0.0",
        "source-map": "^0.6.1",
        "vite": "^4.0.3",
        "vue": "^3.2.45"
      },
      "engines": {
        "node": "^14.18.0 || >=16.0.0"
      },
      "peerDependencies": {
        "vite": "^4.0.0",
        "vue": "^3.2.25"
      }
    },
    "../../node_modules/.pnpm/@vue+eslint-config-prettier@7.1.0_fjzellzblqyf2bzxk7qvjavefi/node_modules/@vue/eslint-config-prettier": {
      "version": "7.1.0",
      "dev": true,
      "license": "MIT",
      "dependencies": {
        "eslint-config-prettier": "^8.3.0",
        "eslint-plugin-prettier": "^4.0.0"
      },
      "devDependencies": {
        "eslint": "^8.5.0",
        "prettier": "^2.5.1"
      },
      "peerDependencies": {
        "eslint": ">= 7.28.0",
        "prettier": ">= 2.0.0"
      }
    },
    "../../node_modules/.pnpm/@vue+eslint-config-typescript@11.0.2_cbauiz4bscyuvjf5e6w5phy6na/node_modules/@vue/eslint-config-typescript": {
      "version": "11.0.2",
      "dev": true,
      "license": "MIT",
      "dependencies": {
        "@typescript-eslint/eslint-plugin": "^5.0.0",
        "@typescript-eslint/parser": "^5.0.0",
        "vue-eslint-parser": "^9.0.0"
      },
      "devDependencies": {
        "eslint": "^8.0.0",
        "eslint-plugin-vue": "^9.0.0",
        "execa": "^4.0.3",
        "jest": "^26.5.2",
        "typescript": "^4.0.3",
        "vue": "^2.6.12",
        "vue-class-component": "^7.2.6",
        "vue-property-decorator": "^9.0.2"
      },
      "engines": {
        "node": "^14.17.0 || >=16.0.0"
      },
      "peerDependencies": {
        "eslint": "^6.2.0 || ^7.0.0 || ^8.0.0",
        "eslint-plugin-vue": "^9.0.0",
        "typescript": "*"
      },
      "peerDependenciesMeta": {
        "typescript": {
          "optional": true
        }
      }
    },
    "../../node_modules/.pnpm/@vue+test-utils@2.3.2_vue@3.2.47/node_modules/@vue/test-utils": {
      "version": "2.3.2",
      "dev": true,
      "license": "MIT",
      "dependencies": {
        "js-beautify": "1.14.6"
      },
      "devDependencies": {
        "@rollup/plugin-commonjs": "24.0.1",
        "@rollup/plugin-json": "6.0.0",
        "@rollup/plugin-node-resolve": "15.0.1",
        "@rollup/plugin-replace": "5.0.2",
        "@rollup/plugin-typescript": "11.0.0",
        "@types/js-beautify": "1.13.3",
        "@types/node": "18.15.3",
        "@typescript-eslint/eslint-plugin": "5.55.0",
        "@typescript-eslint/parser": "5.55.0",
        "@vitejs/plugin-vue": "4.0.0",
        "@vitejs/plugin-vue-jsx": "3.0.0",
        "@vitest/coverage-c8": "0.29.3",
        "@vue/compat": "3.2.47",
        "@vue/compiler-dom": "3.2.47",
        "@vue/compiler-sfc": "3.2.47",
        "@vue/server-renderer": "3.2.47",
        "c8": "7.13.0",
        "eslint": "8.36.0",
        "eslint-config-prettier": "8.7.0",
        "eslint-plugin-prettier": "4.2.1",
        "husky": "8.0.3",
        "jsdom": "21.1.1",
        "jsdom-global": "3.0.2",
        "lint-staged": "13.2.0",
        "prettier": "2.8.4",
        "reflect-metadata": "0.1.13",
        "rollup": "3.19.1",
        "tslib": "2.5.0",
        "typescript": "4.9.5",
        "unplugin-vue-components": "0.24.1",
        "vite": "4.1.4",
        "vitepress": "0.22.4",
        "vitest": "0.29.3",
        "vue": "3.2.47",
        "vue-class-component": "8.0.0-rc.1",
        "vue-router": "4.1.6",
        "vue-tsc": "1.2.0",
        "vuex": "4.1.0"
      },
      "optionalDependencies": {
        "@vue/compiler-dom": "^3.0.1",
        "@vue/server-renderer": "^3.0.1"
      },
      "peerDependencies": {
        "@vue/compiler-dom": "^3.0.1",
        "@vue/server-renderer": "^3.0.1",
        "vue": "^3.0.1"
      }
    },
    "../../node_modules/.pnpm/@vue+tsconfig@0.1.3_@types+node@18.15.11/node_modules/@vue/tsconfig": {
      "version": "0.1.3",
      "dev": true,
      "license": "MIT",
      "peerDependencies": {
        "@types/node": "*"
      },
      "peerDependenciesMeta": {
        "@types/node": {
          "optional": true
        }
      }
    },
    "../../node_modules/.pnpm/eslint@8.37.0/node_modules/eslint": {
      "version": "8.37.0",
      "dev": true,
      "license": "MIT",
      "dependencies": {
        "@eslint-community/eslint-utils": "^4.2.0",
        "@eslint-community/regexpp": "^4.4.0",
        "@eslint/eslintrc": "^2.0.2",
        "@eslint/js": "8.37.0",
        "@humanwhocodes/config-array": "^0.11.8",
        "@humanwhocodes/module-importer": "^1.0.1",
        "@nodelib/fs.walk": "^1.2.8",
        "ajv": "^6.10.0",
        "chalk": "^4.0.0",
        "cross-spawn": "^7.0.2",
        "debug": "^4.3.2",
        "doctrine": "^3.0.0",
        "escape-string-regexp": "^4.0.0",
        "eslint-scope": "^7.1.1",
        "eslint-visitor-keys": "^3.4.0",
        "espree": "^9.5.1",
        "esquery": "^1.4.2",
        "esutils": "^2.0.2",
        "fast-deep-equal": "^3.1.3",
        "file-entry-cache": "^6.0.1",
        "find-up": "^5.0.0",
        "glob-parent": "^6.0.2",
        "globals": "^13.19.0",
        "grapheme-splitter": "^1.0.4",
        "ignore": "^5.2.0",
        "import-fresh": "^3.0.0",
        "imurmurhash": "^0.1.4",
        "is-glob": "^4.0.0",
        "is-path-inside": "^3.0.3",
        "js-sdsl": "^4.1.4",
        "js-yaml": "^4.1.0",
        "json-stable-stringify-without-jsonify": "^1.0.1",
        "levn": "^0.4.1",
        "lodash.merge": "^4.6.2",
        "minimatch": "^3.1.2",
        "natural-compare": "^1.4.0",
        "optionator": "^0.9.1",
        "strip-ansi": "^6.0.1",
        "strip-json-comments": "^3.1.0",
        "text-table": "^0.2.0"
      },
      "bin": {
        "eslint": "bin/eslint.js"
      },
      "devDependencies": {
        "@babel/core": "^7.4.3",
        "@babel/preset-env": "^7.4.3",
        "babel-loader": "^8.0.5",
        "c8": "^7.12.0",
        "chai": "^4.0.1",
        "cheerio": "^0.22.0",
        "common-tags": "^1.8.0",
        "core-js": "^3.1.3",
        "ejs": "^3.0.2",
        "eslint": "file:.",
        "eslint-config-eslint": "file:packages/eslint-config-eslint",
        "eslint-plugin-eslint-comments": "^3.2.0",
        "eslint-plugin-eslint-plugin": "^4.4.0",
        "eslint-plugin-internal-rules": "file:tools/internal-rules",
        "eslint-plugin-jsdoc": "^38.1.6",
        "eslint-plugin-n": "^15.2.4",
        "eslint-plugin-unicorn": "^42.0.0",
        "eslint-release": "^3.2.0",
        "eslump": "^3.0.0",
        "esprima": "^4.0.1",
        "fast-glob": "^3.2.11",
        "fs-teardown": "^0.1.3",
        "glob": "^7.1.6",
        "got": "^11.8.3",
        "gray-matter": "^4.0.3",
        "karma": "^6.1.1",
        "karma-chrome-launcher": "^3.1.0",
        "karma-mocha": "^2.0.1",
        "karma-mocha-reporter": "^2.2.5",
        "karma-webpack": "^5.0.0",
        "lint-staged": "^11.0.0",
        "load-perf": "^0.2.0",
        "markdownlint": "^0.25.1",
        "markdownlint-cli": "^0.31.1",
        "marked": "^4.0.8",
        "memfs": "^3.0.1",
        "metascraper": "^5.25.7",
        "metascraper-description": "^5.25.7",
        "metascraper-image": "^5.29.3",
        "metascraper-logo": "^5.25.7",
        "metascraper-logo-favicon": "^5.25.7",
        "metascraper-title": "^5.25.7",
        "mocha": "^8.3.2",
        "mocha-junit-reporter": "^2.0.0",
        "node-polyfill-webpack-plugin": "^1.0.3",
        "npm-license": "^0.3.3",
        "pirates": "^4.0.5",
        "progress": "^2.0.3",
        "proxyquire": "^2.0.1",
        "puppeteer": "^13.7.0",
        "recast": "^0.20.4",
        "regenerator-runtime": "^0.13.2",
        "semver": "^7.3.5",
        "shelljs": "^0.8.2",
        "sinon": "^11.0.0",
        "temp": "^0.9.0",
        "webpack": "^5.23.0",
        "webpack-cli": "^4.5.0",
        "yorkie": "^2.0.0"
      },
      "engines": {
        "node": "^12.22.0 || ^14.17.0 || >=16.0.0"
      },
      "funding": {
        "url": "https://opencollective.com/eslint"
      }
    },
    "../../node_modules/.pnpm/jsdom@21.1.1/node_modules/jsdom": {
      "version": "21.1.1",
      "dev": true,
      "license": "MIT",
      "dependencies": {
        "abab": "^2.0.6",
        "acorn": "^8.8.2",
        "acorn-globals": "^7.0.0",
        "cssstyle": "^3.0.0",
        "data-urls": "^4.0.0",
        "decimal.js": "^10.4.3",
        "domexception": "^4.0.0",
        "escodegen": "^2.0.0",
        "form-data": "^4.0.0",
        "html-encoding-sniffer": "^3.0.0",
        "http-proxy-agent": "^5.0.0",
        "https-proxy-agent": "^5.0.1",
        "is-potential-custom-element-name": "^1.0.1",
        "nwsapi": "^2.2.2",
        "parse5": "^7.1.2",
        "rrweb-cssom": "^0.6.0",
        "saxes": "^6.0.0",
        "symbol-tree": "^3.2.4",
        "tough-cookie": "^4.1.2",
        "w3c-xmlserializer": "^4.0.0",
        "webidl-conversions": "^7.0.0",
        "whatwg-encoding": "^2.0.0",
        "whatwg-mimetype": "^3.0.0",
        "whatwg-url": "^12.0.1",
        "ws": "^8.13.0",
        "xml-name-validator": "^4.0.0"
      },
      "devDependencies": {
        "@domenic/eslint-config": "^3.0.0",
        "benchmark": "^2.1.4",
        "browserify": "^17.0.0",
        "chai": "^4.3.7",
        "eslint": "^8.36.0",
        "eslint-plugin-html": "^7.1.0",
        "eslint-plugin-jsdom-internal": "link:./scripts/eslint-plugin",
        "js-yaml": "^4.1.0",
        "karma": "^6.4.1",
        "karma-browserify": "^8.1.0",
        "karma-chrome-launcher": "^3.1.1",
        "karma-mocha": "^2.0.1",
        "karma-mocha-webworker": "^1.3.0",
        "minimatch": "^7.4.2",
        "mocha": "^10.2.0",
        "mocha-sugar-free": "^1.4.0",
        "pngjs": "^7.0.0",
        "rimraf": "^4.4.0",
        "server-destroy": "^1.0.1",
        "watchify": "^4.0.0",
        "webidl2js": "^17.1.0",
        "yargs": "^17.7.1"
      },
      "engines": {
        "node": ">=14"
      },
      "peerDependencies": {
        "canvas": "^2.5.0"
      },
      "peerDependenciesMeta": {
        "canvas": {
          "optional": true
        }
      }
    },
    "../../node_modules/.pnpm/npm-run-all@4.1.5/node_modules/npm-run-all": {
      "version": "4.1.5",
      "dev": true,
      "license": "MIT",
      "dependencies": {
        "ansi-styles": "^3.2.1",
        "chalk": "^2.4.1",
        "cross-spawn": "^6.0.5",
        "memorystream": "^0.3.1",
        "minimatch": "^3.0.4",
        "pidtree": "^0.3.0",
        "read-pkg": "^3.0.0",
        "shell-quote": "^1.6.1",
        "string.prototype.padend": "^3.0.0"
      },
      "bin": {
        "npm-run-all": "bin/npm-run-all/index.js",
        "run-p": "bin/run-p/index.js",
        "run-s": "bin/run-s/index.js"
      },
      "devDependencies": {
        "@types/node": "^4.9.1",
        "babel-plugin-transform-async-to-generator": "^6.24.1",
        "babel-preset-power-assert": "^2.0.0",
        "babel-register": "^6.26.0",
        "codecov": "^3.1.0",
        "eslint": "^4.19.1",
        "eslint-config-mysticatea": "^12.0.0",
        "fs-extra": "^7.0.1",
        "mocha": "^5.2.0",
        "nyc": "^11.9.0",
        "p-queue": "^2.4.2",
        "power-assert": "^1.6.1",
        "rimraf": "^2.6.2",
        "yarn": "^1.12.3"
      },
      "engines": {
        "node": ">= 4"
      }
    },
    "../../node_modules/.pnpm/prettier@2.8.7/node_modules/prettier": {
      "version": "2.8.7",
      "dev": true,
      "license": "MIT",
      "bin": {
        "prettier": "bin-prettier.js"
      },
      "engines": {
        "node": ">=10.13.0"
      },
      "funding": {
        "url": "https://github.com/prettier/prettier?sponsor=1"
      }
    },
    "../../node_modules/.pnpm/typescript@4.8.4/node_modules/typescript": {
      "version": "4.8.4",
      "dev": true,
      "license": "Apache-2.0",
      "bin": {
        "tsc": "bin/tsc",
        "tsserver": "bin/tsserver"
      },
      "devDependencies": {
        "@octokit/rest": "latest",
        "@types/chai": "latest",
        "@types/convert-source-map": "latest",
        "@types/fs-extra": "^9.0.13",
        "@types/glob": "latest",
        "@types/gulp": "^4.0.9",
        "@types/gulp-concat": "latest",
        "@types/gulp-newer": "latest",
        "@types/gulp-rename": "latest",
        "@types/gulp-sourcemaps": "latest",
        "@types/merge2": "latest",
        "@types/microsoft__typescript-etw": "latest",
        "@types/minimatch": "latest",
        "@types/minimist": "latest",
        "@types/mkdirp": "latest",
        "@types/mocha": "latest",
        "@types/ms": "latest",
        "@types/node": "latest",
        "@types/node-fetch": "^2.6.2",
        "@types/q": "latest",
        "@types/source-map-support": "latest",
        "@types/xml2js": "^0.4.11",
        "@typescript-eslint/eslint-plugin": "^5.28.0",
        "@typescript-eslint/parser": "^5.28.0",
        "@typescript-eslint/utils": "^5.28.0",
        "async": "latest",
        "azure-devops-node-api": "^11.1.1",
        "chai": "latest",
        "chalk": "^4.1.2",
        "convert-source-map": "latest",
        "del": "6.1.1",
        "diff": "^5.1.0",
        "eslint": "8.17.0",
        "eslint-formatter-autolinkable-stylish": "1.2.0",
        "eslint-plugin-import": "2.26.0",
        "eslint-plugin-jsdoc": "39.3.2",
        "eslint-plugin-no-null": "1.0.2",
        "fancy-log": "latest",
        "fs-extra": "^9.1.0",
        "glob": "latest",
        "gulp": "^4.0.2",
        "gulp-concat": "latest",
        "gulp-insert": "latest",
        "gulp-newer": "latest",
        "gulp-rename": "latest",
        "gulp-sourcemaps": "latest",
        "merge2": "latest",
        "minimist": "latest",
        "mkdirp": "latest",
        "mocha": "latest",
        "mocha-fivemat-progress-reporter": "latest",
        "ms": "^2.1.3",
        "node-fetch": "^2.6.7",
        "prex": "^0.4.7",
        "q": "latest",
        "source-map-support": "latest",
        "typescript": "^4.5.5",
        "vinyl": "latest",
        "vinyl-sourcemaps-apply": "latest",
        "xml2js": "^0.4.23"
      },
      "engines": {
        "node": ">=4.2.0"
      }
    },
    "../../node_modules/.pnpm/vite@4.2.1_@types+node@18.15.11/node_modules/vite": {
      "version": "4.2.1",
      "dev": true,
      "license": "MIT",
      "dependencies": {
        "esbuild": "^0.17.5",
        "postcss": "^8.4.21",
        "resolve": "^1.22.1",
        "rollup": "^3.18.0"
      },
      "bin": {
        "vite": "bin/vite.js"
      },
      "devDependencies": {
        "@ampproject/remapping": "^2.2.0",
        "@babel/parser": "^7.21.2",
        "@babel/types": "^7.21.2",
        "@jridgewell/trace-mapping": "^0.3.17",
        "@rollup/plugin-alias": "^4.0.3",
        "@rollup/plugin-commonjs": "^24.0.1",
        "@rollup/plugin-dynamic-import-vars": "^2.0.3",
        "@rollup/plugin-json": "^6.0.0",
        "@rollup/plugin-node-resolve": "15.0.1",
        "@rollup/plugin-typescript": "^11.0.0",
        "@rollup/pluginutils": "^5.0.2",
        "acorn": "^8.8.2",
        "acorn-walk": "^8.2.0",
        "cac": "^6.7.14",
        "chokidar": "^3.5.3",
        "connect": "^3.7.0",
        "connect-history-api-fallback": "^2.0.0",
        "convert-source-map": "^2.0.0",
        "cors": "^2.8.5",
        "cross-spawn": "^7.0.3",
        "debug": "^4.3.4",
        "dep-types": "link:./src/types",
        "dotenv": "^16.0.3",
        "dotenv-expand": "^9.0.0",
        "es-module-lexer": "^1.2.0",
        "estree-walker": "^3.0.3",
        "etag": "^1.8.1",
        "fast-glob": "^3.2.12",
        "http-proxy": "^1.18.1",
        "json-stable-stringify": "^1.0.2",
        "launch-editor-middleware": "^2.6.0",
        "magic-string": "^0.30.0",
        "micromatch": "^4.0.5",
        "mlly": "^1.1.1",
        "mrmime": "^1.0.1",
        "okie": "^1.0.1",
        "open": "^8.4.2",
        "parse5": "^7.1.2",
        "periscopic": "^3.1.0",
        "picocolors": "^1.0.0",
        "picomatch": "^2.3.1",
        "postcss-import": "^15.1.0",
        "postcss-load-config": "^4.0.1",
        "postcss-modules": "^6.0.0",
        "resolve.exports": "^2.0.1",
        "rollup-plugin-license": "^3.0.1",
        "sirv": "^2.0.2",
        "source-map-js": "^1.0.2",
        "source-map-support": "^0.5.21",
        "strip-ansi": "^7.0.1",
        "strip-literal": "^1.0.1",
        "tsconfck": "^2.1.0",
        "tslib": "^2.5.0",
        "types": "link:./types",
        "ufo": "^1.1.1",
        "ws": "^8.12.1"
      },
      "engines": {
        "node": "^14.18.0 || >=16.0.0"
      },
      "optionalDependencies": {
        "fsevents": "~2.3.2"
      },
      "peerDependencies": {
        "@types/node": ">= 14",
        "less": "*",
        "sass": "*",
        "stylus": "*",
        "sugarss": "*",
        "terser": "^5.4.0"
      },
      "peerDependenciesMeta": {
        "@types/node": {
          "optional": true
        },
        "less": {
          "optional": true
        },
        "sass": {
          "optional": true
        },
        "stylus": {
          "optional": true
        },
        "sugarss": {
          "optional": true
        },
        "terser": {
          "optional": true
        }
      }
    },
    "../../node_modules/.pnpm/vitest@0.29.8_jsdom@21.1.1/node_modules/vitest": {
      "version": "0.29.8",
      "dev": true,
      "license": "MIT",
      "dependencies": {
        "@types/chai": "^4.3.4",
        "@types/chai-subset": "^1.3.3",
        "@types/node": "*",
        "@vitest/expect": "0.29.8",
        "@vitest/runner": "0.29.8",
        "@vitest/spy": "0.29.8",
        "@vitest/utils": "0.29.8",
        "acorn": "^8.8.1",
        "acorn-walk": "^8.2.0",
        "cac": "^6.7.14",
        "chai": "^4.3.7",
        "debug": "^4.3.4",
        "local-pkg": "^0.4.2",
        "pathe": "^1.1.0",
        "picocolors": "^1.0.0",
        "source-map": "^0.6.1",
        "std-env": "^3.3.1",
        "strip-literal": "^1.0.0",
        "tinybench": "^2.3.1",
        "tinypool": "^0.4.0",
        "tinyspy": "^1.0.2",
        "vite": "^3.0.0 || ^4.0.0",
        "vite-node": "0.29.8",
        "why-is-node-running": "^2.2.2"
      },
      "bin": {
        "vitest": "vitest.mjs"
      },
      "devDependencies": {
        "@ampproject/remapping": "^2.2.0",
        "@antfu/install-pkg": "^0.1.1",
        "@edge-runtime/vm": "2.0.2",
        "@sinonjs/fake-timers": "^10.0.2",
        "@types/diff": "^5.0.2",
        "@types/istanbul-lib-coverage": "^2.0.4",
        "@types/istanbul-reports": "^3.0.1",
        "@types/jsdom": "^21.1.0",
        "@types/micromatch": "^4.0.2",
        "@types/natural-compare": "^1.4.1",
        "@types/prompts": "^2.4.2",
        "@types/sinonjs__fake-timers": "^8.1.2",
        "birpc": "^0.2.3",
        "chai-subset": "^1.6.0",
        "cli-truncate": "^3.1.0",
        "diff": "^5.1.0",
        "event-target-polyfill": "^0.0.3",
        "execa": "^7.0.0",
        "expect-type": "^0.15.0",
        "fast-glob": "^3.2.12",
        "find-up": "^6.3.0",
        "flatted": "^3.2.7",
        "get-tsconfig": "^4.3.0",
        "happy-dom": "^8.3.2",
        "jsdom": "^21.1.0",
        "log-update": "^5.0.1",
        "magic-string": "^0.27.0",
        "micromatch": "^4.0.5",
        "mlly": "^1.1.0",
        "natural-compare": "^1.4.0",
        "p-limit": "^4.0.0",
        "pkg-types": "^1.0.1",
        "playwright": "^1.28.0",
        "pretty-format": "^27.5.1",
        "prompts": "^2.4.2",
        "rollup": "^2.79.1",
        "safaridriver": "^0.0.4",
        "strip-ansi": "^7.0.1",
        "typescript": "^4.9.4",
        "webdriverio": "^8.5.5",
        "ws": "^8.12.0",
        "x-default-browser": "^0.5.2"
      },
      "engines": {
        "node": ">=v14.16.0"
      },
      "funding": {
        "url": "https://github.com/sponsors/antfu"
      },
      "peerDependencies": {
        "@edge-runtime/vm": "*",
        "@vitest/browser": "*",
        "@vitest/ui": "*",
        "happy-dom": "*",
        "jsdom": "*",
        "playwright": "*",
        "safaridriver": "*",
        "webdriverio": "*"
      },
      "peerDependenciesMeta": {
        "@edge-runtime/vm": {
          "optional": true
        },
        "@vitest/browser": {
          "optional": true
        },
        "@vitest/ui": {
          "optional": true
        },
        "happy-dom": {
          "optional": true
        },
        "jsdom": {
          "optional": true
        },
        "playwright": {
          "optional": true
        },
        "safaridriver": {
          "optional": true
        },
        "webdriverio": {
          "optional": true
        }
      }
    },
    "../../node_modules/.pnpm/vue-library@0.0.7_vue@3.2.47/node_modules/vue-library": {
      "version": "0.0.7",
      "license": "ISC",
      "devDependencies": {
        "@babel/core": "^7.12.9",
        "@babel/preset-env": "^7.12.7",
        "@rollup/plugin-alias": "^3.1.1",
        "@rollup/plugin-commonjs": "^17.0.0",
        "@rollup/plugin-replace": "^2.3.4",
        "@vue/cli-plugin-babel": "^4.5.9",
        "@vue/cli-service": "^4.5.9",
        "cross-env": "^7.0.3",
        "minimist": "^1.2.5",
        "rollup": "^2.34.1",
        "rollup-plugin-babel": "^4.4.0",
        "rollup-plugin-terser": "^7.0.2",
        "rollup-plugin-vue": "^6.0.0",
        "vue": "^2.6.12",
        "vue-template-compiler": "^2.6.12"
      },
      "engines": {
        "node": ">=10"
      },
      "peerDependencies": {
        "vue": "^2.6.12"
      }
    },
    "../../node_modules/.pnpm/vue-tsc@1.2.0_typescript@4.8.4/node_modules/vue-tsc": {
      "version": "1.2.0",
      "dev": true,
      "license": "MIT",
      "dependencies": {
        "@volar/vue-language-core": "1.2.0",
        "@volar/vue-typescript": "1.2.0"
      },
      "bin": {
        "vue-tsc": "bin/vue-tsc.js"
      },
      "peerDependencies": {
        "typescript": "*"
      }
    },
    "../../node_modules/.pnpm/vue@3.2.47/node_modules/vue": {
      "version": "3.2.47",
      "license": "MIT",
      "dependencies": {
        "@vue/compiler-dom": "3.2.47",
        "@vue/compiler-sfc": "3.2.47",
        "@vue/runtime-dom": "3.2.47",
        "@vue/server-renderer": "3.2.47",
        "@vue/shared": "3.2.47"
      }
    },
    "node_modules/@rushstack/eslint-patch": {
      "resolved": "../../node_modules/.pnpm/@rushstack+eslint-patch@1.2.0/node_modules/@rushstack/eslint-patch",
      "link": true
    },
    "node_modules/@types/jsdom": {
      "resolved": "../../node_modules/.pnpm/@types+jsdom@21.1.1/node_modules/@types/jsdom",
      "link": true
    },
    "node_modules/@types/node": {
      "resolved": "../../node_modules/.pnpm/@types+node@18.15.11/node_modules/@types/node",
      "link": true
    },
    "node_modules/@vitejs/plugin-vue": {
      "resolved": "../../node_modules/.pnpm/@vitejs+plugin-vue@4.1.0_vite@4.2.1+vue@3.2.47/node_modules/@vitejs/plugin-vue",
      "link": true
    },
    "node_modules/@vue/eslint-config-prettier": {
      "resolved": "../../node_modules/.pnpm/@vue+eslint-config-prettier@7.1.0_fjzellzblqyf2bzxk7qvjavefi/node_modules/@vue/eslint-config-prettier",
      "link": true
    },
    "node_modules/@vue/eslint-config-typescript": {
      "resolved": "../../node_modules/.pnpm/@vue+eslint-config-typescript@11.0.2_cbauiz4bscyuvjf5e6w5phy6na/node_modules/@vue/eslint-config-typescript",
      "link": true
    },
    "node_modules/@vue/test-utils": {
      "resolved": "../../node_modules/.pnpm/@vue+test-utils@2.3.2_vue@3.2.47/node_modules/@vue/test-utils",
      "link": true
    },
    "node_modules/@vue/tsconfig": {
      "resolved": "../../node_modules/.pnpm/@vue+tsconfig@0.1.3_@types+node@18.15.11/node_modules/@vue/tsconfig",
      "link": true
    },
    "node_modules/eslint": {
      "resolved": "../../node_modules/.pnpm/eslint@8.37.0/node_modules/eslint",
      "link": true
    },
    "node_modules/jsdom": {
      "resolved": "../../node_modules/.pnpm/jsdom@21.1.1/node_modules/jsdom",
      "link": true
    },
    "node_modules/npm-run-all": {
      "resolved": "../../node_modules/.pnpm/npm-run-all@4.1.5/node_modules/npm-run-all",
      "link": true
    },
    "node_modules/prettier": {
      "resolved": "../../node_modules/.pnpm/prettier@2.8.7/node_modules/prettier",
      "link": true
    },
    "node_modules/typescript": {
      "resolved": "../../node_modules/.pnpm/typescript@4.8.4/node_modules/typescript",
      "link": true
    },
    "node_modules/vite": {
      "resolved": "../../node_modules/.pnpm/vite@4.2.1_@types+node@18.15.11/node_modules/vite",
      "link": true
    },
    "node_modules/vitest": {
      "resolved": "../../node_modules/.pnpm/vitest@0.29.8_jsdom@21.1.1/node_modules/vitest",
      "link": true
    },
    "node_modules/vue": {
      "resolved": "../../node_modules/.pnpm/vue@3.2.47/node_modules/vue",
      "link": true
    },
    "node_modules/vue-library": {
      "resolved": "../../node_modules/.pnpm/vue-library@0.0.7_vue@3.2.47/node_modules/vue-library",
      "link": true
    },
    "node_modules/vue-tsc": {
      "resolved": "../../node_modules/.pnpm/vue-tsc@1.2.0_typescript@4.8.4/node_modules/vue-tsc",
      "link": true
    }
  },
  "dependencies": {
    "@rushstack/eslint-patch": {
      "version": "file:../../node_modules/.pnpm/@rushstack+eslint-patch@1.2.0/node_modules/@rushstack/eslint-patch",
      "requires": {
        "@rushstack/heft": "0.47.0",
        "@rushstack/heft-node-rig": "1.10.0",
        "@types/node": "12.20.24"
      }
    },
    "@types/jsdom": {
      "version": "file:../../node_modules/.pnpm/@types+jsdom@21.1.1/node_modules/@types/jsdom",
      "requires": {
        "@types/node": "*",
        "@types/tough-cookie": "*",
        "parse5": "^7.0.0"
      }
    },
    "@types/node": {
      "version": "file:../../node_modules/.pnpm/@types+node@18.15.11/node_modules/@types/node"
    },
    "@vitejs/plugin-vue": {
      "version": "file:../../node_modules/.pnpm/@vitejs+plugin-vue@4.1.0_vite@4.2.1+vue@3.2.47/node_modules/@vitejs/plugin-vue",
      "requires": {
        "@jridgewell/gen-mapping": "^0.3.2",
        "@jridgewell/trace-mapping": "^0.3.17",
        "debug": "^4.3.4",
        "rollup": "^3.17.2",
        "slash": "^5.0.0",
        "source-map": "^0.6.1",
        "vite": "^4.0.3",
        "vue": "^3.2.45"
      }
    },
    "@vue/eslint-config-prettier": {
      "version": "file:../../node_modules/.pnpm/@vue+eslint-config-prettier@7.1.0_fjzellzblqyf2bzxk7qvjavefi/node_modules/@vue/eslint-config-prettier",
      "requires": {
        "eslint": "^8.5.0",
        "eslint-config-prettier": "^8.3.0",
        "eslint-plugin-prettier": "^4.0.0",
        "prettier": "^2.5.1"
      }
    },
    "@vue/eslint-config-typescript": {
      "version": "file:../../node_modules/.pnpm/@vue+eslint-config-typescript@11.0.2_cbauiz4bscyuvjf5e6w5phy6na/node_modules/@vue/eslint-config-typescript",
      "requires": {
        "@typescript-eslint/eslint-plugin": "^5.0.0",
        "@typescript-eslint/parser": "^5.0.0",
        "eslint": "^8.0.0",
        "eslint-plugin-vue": "^9.0.0",
        "execa": "^4.0.3",
        "jest": "^26.5.2",
        "typescript": "^4.0.3",
        "vue": "^2.6.12",
        "vue-class-component": "^7.2.6",
        "vue-eslint-parser": "^9.0.0",
        "vue-property-decorator": "^9.0.2"
      }
    },
    "@vue/test-utils": {
      "version": "file:../../node_modules/.pnpm/@vue+test-utils@2.3.2_vue@3.2.47/node_modules/@vue/test-utils",
      "requires": {
        "@rollup/plugin-commonjs": "24.0.1",
        "@rollup/plugin-json": "6.0.0",
        "@rollup/plugin-node-resolve": "15.0.1",
        "@rollup/plugin-replace": "5.0.2",
        "@rollup/plugin-typescript": "11.0.0",
        "@types/js-beautify": "1.13.3",
        "@types/node": "18.15.3",
        "@typescript-eslint/eslint-plugin": "5.55.0",
        "@typescript-eslint/parser": "5.55.0",
        "@vitejs/plugin-vue": "4.0.0",
        "@vitejs/plugin-vue-jsx": "3.0.0",
        "@vitest/coverage-c8": "0.29.3",
        "@vue/compat": "3.2.47",
        "@vue/compiler-dom": "3.2.47",
        "@vue/compiler-sfc": "3.2.47",
        "@vue/server-renderer": "3.2.47",
        "c8": "7.13.0",
        "eslint": "8.36.0",
        "eslint-config-prettier": "8.7.0",
        "eslint-plugin-prettier": "4.2.1",
        "husky": "8.0.3",
        "js-beautify": "1.14.6",
        "jsdom": "21.1.1",
        "jsdom-global": "3.0.2",
        "lint-staged": "13.2.0",
        "prettier": "2.8.4",
        "reflect-metadata": "0.1.13",
        "rollup": "3.19.1",
        "tslib": "2.5.0",
        "typescript": "4.9.5",
        "unplugin-vue-components": "0.24.1",
        "vite": "4.1.4",
        "vitepress": "0.22.4",
        "vitest": "0.29.3",
        "vue": "3.2.47",
        "vue-class-component": "8.0.0-rc.1",
        "vue-router": "4.1.6",
        "vue-tsc": "1.2.0",
        "vuex": "4.1.0"
      }
    },
    "@vue/tsconfig": {
      "version": "file:../../node_modules/.pnpm/@vue+tsconfig@0.1.3_@types+node@18.15.11/node_modules/@vue/tsconfig",
      "requires": {}
    },
    "eslint": {
      "version": "file:../../node_modules/.pnpm/eslint@8.37.0/node_modules/eslint",
      "requires": {
        "@babel/core": "^7.4.3",
        "@babel/preset-env": "^7.4.3",
        "@eslint-community/eslint-utils": "^4.2.0",
        "@eslint-community/regexpp": "^4.4.0",
        "@eslint/eslintrc": "^2.0.2",
        "@eslint/js": "8.37.0",
        "@humanwhocodes/config-array": "^0.11.8",
        "@humanwhocodes/module-importer": "^1.0.1",
        "@nodelib/fs.walk": "^1.2.8",
        "ajv": "^6.10.0",
        "babel-loader": "^8.0.5",
        "c8": "^7.12.0",
        "chai": "^4.0.1",
        "chalk": "^4.0.0",
        "cheerio": "^0.22.0",
        "common-tags": "^1.8.0",
        "core-js": "^3.1.3",
        "cross-spawn": "^7.0.2",
        "debug": "^4.3.2",
        "doctrine": "^3.0.0",
        "ejs": "^3.0.2",
        "escape-string-regexp": "^4.0.0",
        "eslint": "file:",
        "eslint-config-eslint": "file:packages/eslint-config-eslint",
        "eslint-plugin-eslint-comments": "^3.2.0",
        "eslint-plugin-eslint-plugin": "^4.4.0",
        "eslint-plugin-internal-rules": "file:tools/internal-rules",
        "eslint-plugin-jsdoc": "^38.1.6",
        "eslint-plugin-n": "^15.2.4",
        "eslint-plugin-unicorn": "^42.0.0",
        "eslint-release": "^3.2.0",
        "eslint-scope": "^7.1.1",
        "eslint-visitor-keys": "^3.4.0",
        "eslump": "^3.0.0",
        "espree": "^9.5.1",
        "esprima": "^4.0.1",
        "esquery": "^1.4.2",
        "esutils": "^2.0.2",
        "fast-deep-equal": "^3.1.3",
        "fast-glob": "^3.2.11",
        "file-entry-cache": "^6.0.1",
        "find-up": "^5.0.0",
        "fs-teardown": "^0.1.3",
        "glob": "^7.1.6",
        "glob-parent": "^6.0.2",
        "globals": "^13.19.0",
        "got": "^11.8.3",
        "grapheme-splitter": "^1.0.4",
        "gray-matter": "^4.0.3",
        "ignore": "^5.2.0",
        "import-fresh": "^3.0.0",
        "imurmurhash": "^0.1.4",
        "is-glob": "^4.0.0",
        "is-path-inside": "^3.0.3",
        "js-sdsl": "^4.1.4",
        "js-yaml": "^4.1.0",
        "json-stable-stringify-without-jsonify": "^1.0.1",
        "karma": "^6.1.1",
        "karma-chrome-launcher": "^3.1.0",
        "karma-mocha": "^2.0.1",
        "karma-mocha-reporter": "^2.2.5",
        "karma-webpack": "^5.0.0",
        "levn": "^0.4.1",
        "lint-staged": "^11.0.0",
        "load-perf": "^0.2.0",
        "lodash.merge": "^4.6.2",
        "markdownlint": "^0.25.1",
        "markdownlint-cli": "^0.31.1",
        "marked": "^4.0.8",
        "memfs": "^3.0.1",
        "metascraper": "^5.25.7",
        "metascraper-description": "^5.25.7",
        "metascraper-image": "^5.29.3",
        "metascraper-logo": "^5.25.7",
        "metascraper-logo-favicon": "^5.25.7",
        "metascraper-title": "^5.25.7",
        "minimatch": "^3.1.2",
        "mocha": "^8.3.2",
        "mocha-junit-reporter": "^2.0.0",
        "natural-compare": "^1.4.0",
        "node-polyfill-webpack-plugin": "^1.0.3",
        "npm-license": "^0.3.3",
        "optionator": "^0.9.1",
        "pirates": "^4.0.5",
        "progress": "^2.0.3",
        "proxyquire": "^2.0.1",
        "puppeteer": "^13.7.0",
        "recast": "^0.20.4",
        "regenerator-runtime": "^0.13.2",
        "semver": "^7.3.5",
        "shelljs": "^0.8.2",
        "sinon": "^11.0.0",
        "strip-ansi": "^6.0.1",
        "strip-json-comments": "^3.1.0",
        "temp": "^0.9.0",
        "text-table": "^0.2.0",
        "webpack": "^5.23.0",
        "webpack-cli": "^4.5.0",
        "yorkie": "^2.0.0"
      }
    },
    "jsdom": {
      "version": "file:../../node_modules/.pnpm/jsdom@21.1.1/node_modules/jsdom",
      "requires": {
        "@domenic/eslint-config": "^3.0.0",
        "abab": "^2.0.6",
        "acorn": "^8.8.2",
        "acorn-globals": "^7.0.0",
        "benchmark": "^2.1.4",
        "browserify": "^17.0.0",
        "chai": "^4.3.7",
        "cssstyle": "^3.0.0",
        "data-urls": "^4.0.0",
        "decimal.js": "^10.4.3",
        "domexception": "^4.0.0",
        "escodegen": "^2.0.0",
        "eslint": "^8.36.0",
        "eslint-plugin-html": "^7.1.0",
        "eslint-plugin-jsdom-internal": "link:./scripts/eslint-plugin",
        "form-data": "^4.0.0",
        "html-encoding-sniffer": "^3.0.0",
        "http-proxy-agent": "^5.0.0",
        "https-proxy-agent": "^5.0.1",
        "is-potential-custom-element-name": "^1.0.1",
        "js-yaml": "^4.1.0",
        "karma": "^6.4.1",
        "karma-browserify": "^8.1.0",
        "karma-chrome-launcher": "^3.1.1",
        "karma-mocha": "^2.0.1",
        "karma-mocha-webworker": "^1.3.0",
        "minimatch": "^7.4.2",
        "mocha": "^10.2.0",
        "mocha-sugar-free": "^1.4.0",
        "nwsapi": "^2.2.2",
        "parse5": "^7.1.2",
        "pngjs": "^7.0.0",
        "rimraf": "^4.4.0",
        "rrweb-cssom": "^0.6.0",
        "saxes": "^6.0.0",
        "server-destroy": "^1.0.1",
        "symbol-tree": "^3.2.4",
        "tough-cookie": "^4.1.2",
        "w3c-xmlserializer": "^4.0.0",
        "watchify": "^4.0.0",
        "webidl-conversions": "^7.0.0",
        "webidl2js": "^17.1.0",
        "whatwg-encoding": "^2.0.0",
        "whatwg-mimetype": "^3.0.0",
        "whatwg-url": "^12.0.1",
        "ws": "^8.13.0",
        "xml-name-validator": "^4.0.0",
        "yargs": "^17.7.1"
      }
    },
    "npm-run-all": {
      "version": "file:../../node_modules/.pnpm/npm-run-all@4.1.5/node_modules/npm-run-all",
      "requires": {
        "@types/node": "^4.9.1",
        "ansi-styles": "^3.2.1",
        "babel-plugin-transform-async-to-generator": "^6.24.1",
        "babel-preset-power-assert": "^2.0.0",
        "babel-register": "^6.26.0",
        "chalk": "^2.4.1",
        "codecov": "^3.1.0",
        "cross-spawn": "^6.0.5",
        "eslint": "^4.19.1",
        "eslint-config-mysticatea": "^12.0.0",
        "fs-extra": "^7.0.1",
        "memorystream": "^0.3.1",
        "minimatch": "^3.0.4",
        "mocha": "^5.2.0",
        "nyc": "^11.9.0",
        "p-queue": "^2.4.2",
        "pidtree": "^0.3.0",
        "power-assert": "^1.6.1",
        "read-pkg": "^3.0.0",
        "rimraf": "^2.6.2",
        "shell-quote": "^1.6.1",
        "string.prototype.padend": "^3.0.0",
        "yarn": "^1.12.3"
      }
    },
    "prettier": {
      "version": "file:../../node_modules/.pnpm/prettier@2.8.7/node_modules/prettier"
    },
    "typescript": {
      "version": "file:../../node_modules/.pnpm/typescript@4.8.4/node_modules/typescript",
      "requires": {
        "@octokit/rest": "latest",
        "@types/chai": "latest",
        "@types/convert-source-map": "latest",
        "@types/fs-extra": "^9.0.13",
        "@types/glob": "latest",
        "@types/gulp": "^4.0.9",
        "@types/gulp-concat": "latest",
        "@types/gulp-newer": "latest",
        "@types/gulp-rename": "latest",
        "@types/gulp-sourcemaps": "latest",
        "@types/merge2": "latest",
        "@types/microsoft__typescript-etw": "latest",
        "@types/minimatch": "latest",
        "@types/minimist": "latest",
        "@types/mkdirp": "latest",
        "@types/mocha": "latest",
        "@types/ms": "latest",
        "@types/node": "latest",
        "@types/node-fetch": "^2.6.2",
        "@types/q": "latest",
        "@types/source-map-support": "latest",
        "@types/xml2js": "^0.4.11",
        "@typescript-eslint/eslint-plugin": "^5.28.0",
        "@typescript-eslint/parser": "^5.28.0",
        "@typescript-eslint/utils": "^5.28.0",
        "async": "latest",
        "azure-devops-node-api": "^11.1.1",
        "chai": "latest",
        "chalk": "^4.1.2",
        "convert-source-map": "latest",
        "del": "6.1.1",
        "diff": "^5.1.0",
        "eslint": "8.17.0",
        "eslint-formatter-autolinkable-stylish": "1.2.0",
        "eslint-plugin-import": "2.26.0",
        "eslint-plugin-jsdoc": "39.3.2",
        "eslint-plugin-no-null": "1.0.2",
        "fancy-log": "latest",
        "fs-extra": "^9.1.0",
        "glob": "latest",
        "gulp": "^4.0.2",
        "gulp-concat": "latest",
        "gulp-insert": "latest",
        "gulp-newer": "latest",
        "gulp-rename": "latest",
        "gulp-sourcemaps": "latest",
        "merge2": "latest",
        "minimist": "latest",
        "mkdirp": "latest",
        "mocha": "latest",
        "mocha-fivemat-progress-reporter": "latest",
        "ms": "^2.1.3",
        "node-fetch": "^2.6.7",
        "prex": "^0.4.7",
        "q": "latest",
        "source-map-support": "latest",
        "typescript": "^4.5.5",
        "vinyl": "latest",
        "vinyl-sourcemaps-apply": "latest",
        "xml2js": "^0.4.23"
      }
    },
    "vite": {
      "version": "file:../../node_modules/.pnpm/vite@4.2.1_@types+node@18.15.11/node_modules/vite",
      "requires": {
        "@ampproject/remapping": "^2.2.0",
        "@babel/parser": "^7.21.2",
        "@babel/types": "^7.21.2",
        "@jridgewell/trace-mapping": "^0.3.17",
        "@rollup/plugin-alias": "^4.0.3",
        "@rollup/plugin-commonjs": "^24.0.1",
        "@rollup/plugin-dynamic-import-vars": "^2.0.3",
        "@rollup/plugin-json": "^6.0.0",
        "@rollup/plugin-node-resolve": "15.0.1",
        "@rollup/plugin-typescript": "^11.0.0",
        "@rollup/pluginutils": "^5.0.2",
        "acorn": "^8.8.2",
        "acorn-walk": "^8.2.0",
        "cac": "^6.7.14",
        "chokidar": "^3.5.3",
        "connect": "^3.7.0",
        "connect-history-api-fallback": "^2.0.0",
        "convert-source-map": "^2.0.0",
        "cors": "^2.8.5",
        "cross-spawn": "^7.0.3",
        "debug": "^4.3.4",
        "dep-types": "link:./src/types",
        "dotenv": "^16.0.3",
        "dotenv-expand": "^9.0.0",
        "es-module-lexer": "^1.2.0",
        "esbuild": "^0.17.5",
        "estree-walker": "^3.0.3",
        "etag": "^1.8.1",
        "fast-glob": "^3.2.12",
        "fsevents": "~2.3.2",
        "http-proxy": "^1.18.1",
        "json-stable-stringify": "^1.0.2",
        "launch-editor-middleware": "^2.6.0",
        "magic-string": "^0.30.0",
        "micromatch": "^4.0.5",
        "mlly": "^1.1.1",
        "mrmime": "^1.0.1",
        "okie": "^1.0.1",
        "open": "^8.4.2",
        "parse5": "^7.1.2",
        "periscopic": "^3.1.0",
        "picocolors": "^1.0.0",
        "picomatch": "^2.3.1",
        "postcss": "^8.4.21",
        "postcss-import": "^15.1.0",
        "postcss-load-config": "^4.0.1",
        "postcss-modules": "^6.0.0",
        "resolve": "^1.22.1",
        "resolve.exports": "^2.0.1",
        "rollup": "^3.18.0",
        "rollup-plugin-license": "^3.0.1",
        "sirv": "^2.0.2",
        "source-map-js": "^1.0.2",
        "source-map-support": "^0.5.21",
        "strip-ansi": "^7.0.1",
        "strip-literal": "^1.0.1",
        "tsconfck": "^2.1.0",
        "tslib": "^2.5.0",
        "types": "link:./types",
        "ufo": "^1.1.1",
        "ws": "^8.12.1"
      }
    },
    "vitest": {
      "version": "file:../../node_modules/.pnpm/vitest@0.29.8_jsdom@21.1.1/node_modules/vitest",
      "requires": {
        "@ampproject/remapping": "^2.2.0",
        "@antfu/install-pkg": "^0.1.1",
        "@edge-runtime/vm": "2.0.2",
        "@sinonjs/fake-timers": "^10.0.2",
        "@types/chai": "^4.3.4",
        "@types/chai-subset": "^1.3.3",
        "@types/diff": "^5.0.2",
        "@types/istanbul-lib-coverage": "^2.0.4",
        "@types/istanbul-reports": "^3.0.1",
        "@types/jsdom": "^21.1.0",
        "@types/micromatch": "^4.0.2",
        "@types/natural-compare": "^1.4.1",
        "@types/node": "*",
        "@types/prompts": "^2.4.2",
        "@types/sinonjs__fake-timers": "^8.1.2",
        "@vitest/expect": "0.29.8",
        "@vitest/runner": "0.29.8",
        "@vitest/spy": "0.29.8",
        "@vitest/utils": "0.29.8",
        "acorn": "^8.8.1",
        "acorn-walk": "^8.2.0",
        "birpc": "^0.2.3",
        "cac": "^6.7.14",
        "chai": "^4.3.7",
        "chai-subset": "^1.6.0",
        "cli-truncate": "^3.1.0",
        "debug": "^4.3.4",
        "diff": "^5.1.0",
        "event-target-polyfill": "^0.0.3",
        "execa": "^7.0.0",
        "expect-type": "^0.15.0",
        "fast-glob": "^3.2.12",
        "find-up": "^6.3.0",
        "flatted": "^3.2.7",
        "get-tsconfig": "^4.3.0",
        "happy-dom": "^8.3.2",
        "jsdom": "^21.1.0",
        "local-pkg": "^0.4.2",
        "log-update": "^5.0.1",
        "magic-string": "^0.27.0",
        "micromatch": "^4.0.5",
        "mlly": "^1.1.0",
        "natural-compare": "^1.4.0",
        "p-limit": "^4.0.0",
        "pathe": "^1.1.0",
        "picocolors": "^1.0.0",
        "pkg-types": "^1.0.1",
        "playwright": "^1.28.0",
        "pretty-format": "^27.5.1",
        "prompts": "^2.4.2",
        "rollup": "^2.79.1",
        "safaridriver": "^0.0.4",
        "source-map": "^0.6.1",
        "std-env": "^3.3.1",
        "strip-ansi": "^7.0.1",
        "strip-literal": "^1.0.0",
        "tinybench": "^2.3.1",
        "tinypool": "^0.4.0",
        "tinyspy": "^1.0.2",
        "typescript": "^4.9.4",
        "vite": "^3.0.0 || ^4.0.0",
        "vite-node": "0.29.8",
        "webdriverio": "^8.5.5",
        "why-is-node-running": "^2.2.2",
        "ws": "^8.12.0",
        "x-default-browser": "^0.5.2"
      }
    },
    "vue": {
      "version": "file:../../node_modules/.pnpm/vue@3.2.47/node_modules/vue",
      "requires": {
        "@vue/compiler-dom": "3.2.47",
        "@vue/compiler-sfc": "3.2.47",
        "@vue/runtime-dom": "3.2.47",
        "@vue/server-renderer": "3.2.47",
        "@vue/shared": "3.2.47"
      }
    },
    "vue-library": {
      "version": "file:../../node_modules/.pnpm/vue-library@0.0.7_vue@3.2.47/node_modules/vue-library",
      "requires": {
        "@babel/core": "^7.12.9",
        "@babel/preset-env": "^7.12.7",
        "@rollup/plugin-alias": "^3.1.1",
        "@rollup/plugin-commonjs": "^17.0.0",
        "@rollup/plugin-replace": "^2.3.4",
        "@vue/cli-plugin-babel": "^4.5.9",
        "@vue/cli-service": "^4.5.9",
        "cross-env": "^7.0.3",
        "minimist": "^1.2.5",
        "rollup": "^2.34.1",
        "rollup-plugin-babel": "^4.4.0",
        "rollup-plugin-terser": "^7.0.2",
        "rollup-plugin-vue": "^6.0.0",
        "vue": "^2.6.12",
        "vue-template-compiler": "^2.6.12"
      }
    },
    "vue-tsc": {
      "version": "file:../../node_modules/.pnpm/vue-tsc@1.2.0_typescript@4.8.4/node_modules/vue-tsc",
      "requires": {
        "@volar/vue-language-core": "1.2.0",
        "@volar/vue-typescript": "1.2.0"
      }
    }
  }
}
